
Microsoft Visual Studio Solution File, Format Version 12.00
# Visual Studio 14
VisualStudioVersion = 14.0.25420.1
MinimumVisualStudioVersion = 10.0.40219.1
Project("{FAE04EC0-301F-11D3-BF4B-00C04F79EFBC}") = "TrackMe", "TrackMe\TrackMe\TrackMe.csproj", "{05AFBF32-2285-4274-8646-FC3FB7743CAF}"
EndProject
Project("{FAE04EC0-301F-11D3-BF4B-00C04F79EFBC}") = "TrackMe.iOS", "TrackMe\TrackMe.iOS\TrackMe.iOS.csproj", "{D29D3671-89FE-4DC1-82C2-4A22E75BFEBE}"
EndProject
Project("{FAE04EC0-301F-11D3-BF4B-00C04F79EFBC}") = "TrackMe.Droid", "TrackMe\TrackMe.Droid\TrackMe.Droid.csproj", "{958ABA8D-341E-4F95-81DB-9E7222E65B06}"
EndProject
Project("{FAE04EC0-301F-11D3-BF4B-00C04F79EFBC}") = "TrackMe.Core", "TrackMe.Core\TrackMe.Core.csproj", "{A92929C4-F77E-4F4E-A512-041042EF14D9}"
EndProject
Project("{FAE04EC0-301F-11D3-BF4B-00C04F79EFBC}") = "TrackMe.WinPhoneNative", "TrackMe.WinPhoneNative\TrackMe.WinPhoneNative.csproj", "{64A917E2-2A5F-4DA6-A856-1FFA1BAE0C51}"
EndProject
Project("{FAE04EC0-301F-11D3-BF4B-00C04F79EFBC}") = "TrackMe.Test", "TrackMe.Test\TrackMe.Test.csproj", "{234619F8-48E8-407D-BC80-F0C74F95A62F}"
EndProject
Project("{FAE04EC0-301F-11D3-BF4B-00C04F79EFBC}") = "TrackMe.WinPhoneUniversalNative", "TrackMe.WinPhoneUniversalNative\TrackMe.WinPhoneUniversalNative.csproj", "{F1926947-E3FA-4909-89F8-F581902FBB33}"
EndProject
Global
	GlobalSection(SolutionConfigurationPlatforms) = preSolution
		Ad-Hoc|Any CPU = Ad-Hoc|Any CPU
		Ad-Hoc|ARM = Ad-Hoc|ARM
		Ad-Hoc|iPhone = Ad-Hoc|iPhone
		Ad-Hoc|iPhoneSimulator = Ad-Hoc|iPhoneSimulator
		Ad-Hoc|x64 = Ad-Hoc|x64
		Ad-Hoc|x86 = Ad-Hoc|x86
		AppStore|Any CPU = AppStore|Any CPU
		AppStore|ARM = AppStore|ARM
		AppStore|iPhone = AppStore|iPhone
		AppStore|iPhoneSimulator = AppStore|iPhoneSimulator
		AppStore|x64 = AppStore|x64
		AppStore|x86 = AppStore|x86
		Debug|Any CPU = Debug|Any CPU
		Debug|ARM = Debug|ARM
		Debug|iPhone = Debug|iPhone
		Debug|iPhoneSimulator = Debug|iPhoneSimulator
		Debug|x64 = Debug|x64
		Debug|x86 = Debug|x86
		EmuDebug|Any CPU = EmuDebug|Any CPU
		EmuDebug|ARM = EmuDebug|ARM
		EmuDebug|iPhone = EmuDebug|iPhone
		EmuDebug|iPhoneSimulator = EmuDebug|iPhoneSimulator
		EmuDebug|x64 = EmuDebug|x64
		EmuDebug|x86 = EmuDebug|x86
		Release|Any CPU = Release|Any CPU
		Release|ARM = Release|ARM
		Release|iPhone = Release|iPhone
		Release|iPhoneSimulator = Release|iPhoneSimulator
		Release|x64 = Release|x64
		Release|x86 = Release|x86
	EndGlobalSection
	GlobalSection(ProjectConfigurationPlatforms) = postSolution
		{05AFBF32-2285-4274-8646-FC3FB7743CAF}.Ad-Hoc|Any CPU.ActiveCfg = Release|Any CPU
		{05AFBF32-2285-4274-8646-FC3FB7743CAF}.Ad-Hoc|Any CPU.Build.0 = Release|Any CPU
		{05AFBF32-2285-4274-8646-FC3FB7743CAF}.Ad-Hoc|ARM.ActiveCfg = Release|Any CPU
		{05AFBF32-2285-4274-8646-FC3FB7743CAF}.Ad-Hoc|ARM.Build.0 = Release|Any CPU
		{05AFBF32-2285-4274-8646-FC3FB7743CAF}.Ad-Hoc|iPhone.ActiveCfg = Release|Any CPU
		{05AFBF32-2285-4274-8646-FC3FB7743CAF}.Ad-Hoc|iPhone.Build.0 = Release|Any CPU
		{05AFBF32-2285-4274-8646-FC3FB7743CAF}.Ad-Hoc|iPhoneSimulator.ActiveCfg = Release|Any CPU
		{05AFBF32-2285-4274-8646-FC3FB7743CAF}.Ad-Hoc|iPhoneSimulator.Build.0 = Release|Any CPU
		{05AFBF32-2285-4274-8646-FC3FB7743CAF}.Ad-Hoc|x64.ActiveCfg = Debug|Any CPU
		{05AFBF32-2285-4274-8646-FC3FB7743CAF}.Ad-Hoc|x64.Build.0 = Debug|Any CPU
		{05AFBF32-2285-4274-8646-FC3FB7743CAF}.Ad-Hoc|x86.ActiveCfg = Release|Any CPU
		{05AFBF32-2285-4274-8646-FC3FB7743CAF}.Ad-Hoc|x86.Build.0 = Release|Any CPU
		{05AFBF32-2285-4274-8646-FC3FB7743CAF}.AppStore|Any CPU.ActiveCfg = Release|Any CPU
		{05AFBF32-2285-4274-8646-FC3FB7743CAF}.AppStore|Any CPU.Build.0 = Release|Any CPU
		{05AFBF32-2285-4274-8646-FC3FB7743CAF}.AppStore|ARM.ActiveCfg = Release|Any CPU
		{05AFBF32-2285-4274-8646-FC3FB7743CAF}.AppStore|ARM.Build.0 = Release|Any CPU
		{05AFBF32-2285-4274-8646-FC3FB7743CAF}.AppStore|iPhone.ActiveCfg = Release|Any CPU
		{05AFBF32-2285-4274-8646-FC3FB7743CAF}.AppStore|iPhone.Build.0 = Release|Any CPU
		{05AFBF32-2285-4274-8646-FC3FB7743CAF}.AppStore|iPhoneSimulator.ActiveCfg = Release|Any CPU
		{05AFBF32-2285-4274-8646-FC3FB7743CAF}.AppStore|iPhoneSimulator.Build.0 = Release|Any CPU
		{05AFBF32-2285-4274-8646-FC3FB7743CAF}.AppStore|x64.ActiveCfg = Debug|Any CPU
		{05AFBF32-2285-4274-8646-FC3FB7743CAF}.AppStore|x64.Build.0 = Debug|Any CPU
		{05AFBF32-2285-4274-8646-FC3FB7743CAF}.AppStore|x86.ActiveCfg = Release|Any CPU
		{05AFBF32-2285-4274-8646-FC3FB7743CAF}.AppStore|x86.Build.0 = Release|Any CPU
		{05AFBF32-2285-4274-8646-FC3FB7743CAF}.Debug|Any CPU.ActiveCfg = Debug|Any CPU
		{05AFBF32-2285-4274-8646-FC3FB7743CAF}.Debug|Any CPU.Build.0 = Debug|Any CPU
		{05AFBF32-2285-4274-8646-FC3FB7743CAF}.Debug|ARM.ActiveCfg = Debug|Any CPU
		{05AFBF32-2285-4274-8646-FC3FB7743CAF}.Debug|ARM.Build.0 = Debug|Any CPU
		{05AFBF32-2285-4274-8646-FC3FB7743CAF}.Debug|iPhone.ActiveCfg = Debug|Any CPU
		{05AFBF32-2285-4274-8646-FC3FB7743CAF}.Debug|iPhone.Build.0 = Debug|Any CPU
		{05AFBF32-2285-4274-8646-FC3FB7743CAF}.Debug|iPhoneSimulator.ActiveCfg = Debug|Any CPU
		{05AFBF32-2285-4274-8646-FC3FB7743CAF}.Debug|iPhoneSimulator.Build.0 = Debug|Any CPU
		{05AFBF32-2285-4274-8646-FC3FB7743CAF}.Debug|x64.ActiveCfg = Debug|Any CPU
		{05AFBF32-2285-4274-8646-FC3FB7743CAF}.Debug|x64.Build.0 = Debug|Any CPU
		{05AFBF32-2285-4274-8646-FC3FB7743CAF}.Debug|x86.ActiveCfg = Debug|Any CPU
		{05AFBF32-2285-4274-8646-FC3FB7743CAF}.Debug|x86.Build.0 = Debug|Any CPU
		{05AFBF32-2285-4274-8646-FC3FB7743CAF}.EmuDebug|Any CPU.ActiveCfg = Debug|Any CPU
		{05AFBF32-2285-4274-8646-FC3FB7743CAF}.EmuDebug|Any CPU.Build.0 = Debug|Any CPU
		{05AFBF32-2285-4274-8646-FC3FB7743CAF}.EmuDebug|ARM.ActiveCfg = Debug|Any CPU
		{05AFBF32-2285-4274-8646-FC3FB7743CAF}.EmuDebug|ARM.Build.0 = Debug|Any CPU
		{05AFBF32-2285-4274-8646-FC3FB7743CAF}.EmuDebug|iPhone.ActiveCfg = Debug|Any CPU
		{05AFBF32-2285-4274-8646-FC3FB7743CAF}.EmuDebug|iPhone.Build.0 = Debug|Any CPU
		{05AFBF32-2285-4274-8646-FC3FB7743CAF}.EmuDebug|iPhoneSimulator.ActiveCfg = Debug|Any CPU
		{05AFBF32-2285-4274-8646-FC3FB7743CAF}.EmuDebug|iPhoneSimulator.Build.0 = Debug|Any CPU
		{05AFBF32-2285-4274-8646-FC3FB7743CAF}.EmuDebug|x64.ActiveCfg = Debug|Any CPU
		{05AFBF32-2285-4274-8646-FC3FB7743CAF}.EmuDebug|x64.Build.0 = Debug|Any CPU
		{05AFBF32-2285-4274-8646-FC3FB7743CAF}.EmuDebug|x86.ActiveCfg = Debug|Any CPU
		{05AFBF32-2285-4274-8646-FC3FB7743CAF}.EmuDebug|x86.Build.0 = Debug|Any CPU
		{05AFBF32-2285-4274-8646-FC3FB7743CAF}.Release|Any CPU.ActiveCfg = Release|Any CPU
		{05AFBF32-2285-4274-8646-FC3FB7743CAF}.Release|Any CPU.Build.0 = Release|Any CPU
		{05AFBF32-2285-4274-8646-FC3FB7743CAF}.Release|ARM.ActiveCfg = Release|Any CPU
		{05AFBF32-2285-4274-8646-FC3FB7743CAF}.Release|ARM.Build.0 = Release|Any CPU
		{05AFBF32-2285-4274-8646-FC3FB7743CAF}.Release|iPhone.ActiveCfg = Release|Any CPU
		{05AFBF32-2285-4274-8646-FC3FB7743CAF}.Release|iPhone.Build.0 = Release|Any CPU
		{05AFBF32-2285-4274-8646-FC3FB7743CAF}.Release|iPhoneSimulator.ActiveCfg = Release|Any CPU
		{05AFBF32-2285-4274-8646-FC3FB7743CAF}.Release|iPhoneSimulator.Build.0 = Release|Any CPU
		{05AFBF32-2285-4274-8646-FC3FB7743CAF}.Release|x64.ActiveCfg = Release|Any CPU
		{05AFBF32-2285-4274-8646-FC3FB7743CAF}.Release|x64.Build.0 = Release|Any CPU
		{05AFBF32-2285-4274-8646-FC3FB7743CAF}.Release|x86.ActiveCfg = Release|Any CPU
		{05AFBF32-2285-4274-8646-FC3FB7743CAF}.Release|x86.Build.0 = Release|Any CPU
		{D29D3671-89FE-4DC1-82C2-4A22E75BFEBE}.Ad-Hoc|Any CPU.ActiveCfg = Ad-Hoc|iPhone
		{D29D3671-89FE-4DC1-82C2-4A22E75BFEBE}.Ad-Hoc|ARM.ActiveCfg = Ad-Hoc|iPhone
		{D29D3671-89FE-4DC1-82C2-4A22E75BFEBE}.Ad-Hoc|iPhone.ActiveCfg = Ad-Hoc|iPhone
		{D29D3671-89FE-4DC1-82C2-4A22E75BFEBE}.Ad-Hoc|iPhone.Build.0 = Ad-Hoc|iPhone
		{D29D3671-89FE-4DC1-82C2-4A22E75BFEBE}.Ad-Hoc|iPhoneSimulator.ActiveCfg = Ad-Hoc|iPhoneSimulator
		{D29D3671-89FE-4DC1-82C2-4A22E75BFEBE}.Ad-Hoc|iPhoneSimulator.Build.0 = Ad-Hoc|iPhoneSimulator
		{D29D3671-89FE-4DC1-82C2-4A22E75BFEBE}.Ad-Hoc|x64.ActiveCfg = Ad-Hoc|iPhoneSimulator
		{D29D3671-89FE-4DC1-82C2-4A22E75BFEBE}.Ad-Hoc|x86.ActiveCfg = Ad-Hoc|iPhone
		{D29D3671-89FE-4DC1-82C2-4A22E75BFEBE}.AppStore|Any CPU.ActiveCfg = AppStore|iPhone
		{D29D3671-89FE-4DC1-82C2-4A22E75BFEBE}.AppStore|ARM.ActiveCfg = AppStore|iPhone
		{D29D3671-89FE-4DC1-82C2-4A22E75BFEBE}.AppStore|iPhone.ActiveCfg = AppStore|iPhone
		{D29D3671-89FE-4DC1-82C2-4A22E75BFEBE}.AppStore|iPhone.Build.0 = AppStore|iPhone
		{D29D3671-89FE-4DC1-82C2-4A22E75BFEBE}.AppStore|iPhoneSimulator.ActiveCfg = AppStore|iPhoneSimulator
		{D29D3671-89FE-4DC1-82C2-4A22E75BFEBE}.AppStore|iPhoneSimulator.Build.0 = AppStore|iPhoneSimulator
		{D29D3671-89FE-4DC1-82C2-4A22E75BFEBE}.AppStore|x64.ActiveCfg = AppStore|iPhoneSimulator
		{D29D3671-89FE-4DC1-82C2-4A22E75BFEBE}.AppStore|x86.ActiveCfg = AppStore|iPhone
		{D29D3671-89FE-4DC1-82C2-4A22E75BFEBE}.Debug|Any CPU.ActiveCfg = Debug|iPhone
		{D29D3671-89FE-4DC1-82C2-4A22E75BFEBE}.Debug|ARM.ActiveCfg = Debug|iPhone
		{D29D3671-89FE-4DC1-82C2-4A22E75BFEBE}.Debug|iPhone.ActiveCfg = Debug|iPhone
		{D29D3671-89FE-4DC1-82C2-4A22E75BFEBE}.Debug|iPhone.Build.0 = Debug|iPhone
		{D29D3671-89FE-4DC1-82C2-4A22E75BFEBE}.Debug|iPhoneSimulator.ActiveCfg = Debug|iPhoneSimulator
		{D29D3671-89FE-4DC1-82C2-4A22E75BFEBE}.Debug|iPhoneSimulator.Build.0 = Debug|iPhoneSimulator
		{D29D3671-89FE-4DC1-82C2-4A22E75BFEBE}.Debug|x64.ActiveCfg = Debug|iPhoneSimulator
		{D29D3671-89FE-4DC1-82C2-4A22E75BFEBE}.Debug|x86.ActiveCfg = Debug|iPhone
		{D29D3671-89FE-4DC1-82C2-4A22E75BFEBE}.EmuDebug|Any CPU.ActiveCfg = Release|iPhoneSimulator
		{D29D3671-89FE-4DC1-82C2-4A22E75BFEBE}.EmuDebug|Any CPU.Build.0 = Release|iPhoneSimulator
		{D29D3671-89FE-4DC1-82C2-4A22E75BFEBE}.EmuDebug|ARM.ActiveCfg = Release|iPhoneSimulator
		{D29D3671-89FE-4DC1-82C2-4A22E75BFEBE}.EmuDebug|ARM.Build.0 = Release|iPhoneSimulator
		{D29D3671-89FE-4DC1-82C2-4A22E75BFEBE}.EmuDebug|iPhone.ActiveCfg = Debug|iPhone
		{D29D3671-89FE-4DC1-82C2-4A22E75BFEBE}.EmuDebug|iPhone.Build.0 = Debug|iPhone
		{D29D3671-89FE-4DC1-82C2-4A22E75BFEBE}.EmuDebug|iPhoneSimulator.ActiveCfg = Debug|iPhoneSimulator
		{D29D3671-89FE-4DC1-82C2-4A22E75BFEBE}.EmuDebug|iPhoneSimulator.Build.0 = Debug|iPhoneSimulator
		{D29D3671-89FE-4DC1-82C2-4A22E75BFEBE}.EmuDebug|x64.ActiveCfg = Release|iPhone
		{D29D3671-89FE-4DC1-82C2-4A22E75BFEBE}.EmuDebug|x64.Build.0 = Release|iPhone
		{D29D3671-89FE-4DC1-82C2-4A22E75BFEBE}.EmuDebug|x86.ActiveCfg = Release|iPhoneSimulator
		{D29D3671-89FE-4DC1-82C2-4A22E75BFEBE}.EmuDebug|x86.Build.0 = Release|iPhoneSimulator
		{D29D3671-89FE-4DC1-82C2-4A22E75BFEBE}.Release|Any CPU.ActiveCfg = Release|iPhone
		{D29D3671-89FE-4DC1-82C2-4A22E75BFEBE}.Release|ARM.ActiveCfg = Release|iPhone
		{D29D3671-89FE-4DC1-82C2-4A22E75BFEBE}.Release|iPhone.ActiveCfg = Release|iPhone
		{D29D3671-89FE-4DC1-82C2-4A22E75BFEBE}.Release|iPhone.Build.0 = Release|iPhone
		{D29D3671-89FE-4DC1-82C2-4A22E75BFEBE}.Release|iPhoneSimulator.ActiveCfg = Release|iPhoneSimulator
		{D29D3671-89FE-4DC1-82C2-4A22E75BFEBE}.Release|iPhoneSimulator.Build.0 = Release|iPhoneSimulator
		{D29D3671-89FE-4DC1-82C2-4A22E75BFEBE}.Release|x64.ActiveCfg = Release|iPhone
		{D29D3671-89FE-4DC1-82C2-4A22E75BFEBE}.Release|x86.ActiveCfg = Release|iPhone
		{958ABA8D-341E-4F95-81DB-9E7222E65B06}.Ad-Hoc|Any CPU.ActiveCfg = Release|Any CPU
		{958ABA8D-341E-4F95-81DB-9E7222E65B06}.Ad-Hoc|Any CPU.Build.0 = Release|Any CPU
		{958ABA8D-341E-4F95-81DB-9E7222E65B06}.Ad-Hoc|Any CPU.Deploy.0 = Release|Any CPU
		{958ABA8D-341E-4F95-81DB-9E7222E65B06}.Ad-Hoc|ARM.ActiveCfg = Release|Any CPU
		{958ABA8D-341E-4F95-81DB-9E7222E65B06}.Ad-Hoc|ARM.Build.0 = Release|Any CPU
		{958ABA8D-341E-4F95-81DB-9E7222E65B06}.Ad-Hoc|ARM.Deploy.0 = Release|Any CPU
		{958ABA8D-341E-4F95-81DB-9E7222E65B06}.Ad-Hoc|iPhone.ActiveCfg = Release|Any CPU
		{958ABA8D-341E-4F95-81DB-9E7222E65B06}.Ad-Hoc|iPhone.Build.0 = Release|Any CPU
		{958ABA8D-341E-4F95-81DB-9E7222E65B06}.Ad-Hoc|iPhone.Deploy.0 = Release|Any CPU
		{958ABA8D-341E-4F95-81DB-9E7222E65B06}.Ad-Hoc|iPhoneSimulator.ActiveCfg = Release|Any CPU
		{958ABA8D-341E-4F95-81DB-9E7222E65B06}.Ad-Hoc|iPhoneSimulator.Build.0 = Release|Any CPU
		{958ABA8D-341E-4F95-81DB-9E7222E65B06}.Ad-Hoc|iPhoneSimulator.Deploy.0 = Release|Any CPU
		{958ABA8D-341E-4F95-81DB-9E7222E65B06}.Ad-Hoc|x64.ActiveCfg = Debug|Any CPU
		{958ABA8D-341E-4F95-81DB-9E7222E65B06}.Ad-Hoc|x64.Build.0 = Debug|Any CPU
		{958ABA8D-341E-4F95-81DB-9E7222E65B06}.Ad-Hoc|x64.Deploy.0 = Debug|Any CPU
		{958ABA8D-341E-4F95-81DB-9E7222E65B06}.Ad-Hoc|x86.ActiveCfg = Release|Any CPU
		{958ABA8D-341E-4F95-81DB-9E7222E65B06}.Ad-Hoc|x86.Build.0 = Release|Any CPU
		{958ABA8D-341E-4F95-81DB-9E7222E65B06}.Ad-Hoc|x86.Deploy.0 = Release|Any CPU
		{958ABA8D-341E-4F95-81DB-9E7222E65B06}.AppStore|Any CPU.ActiveCfg = Release|Any CPU
		{958ABA8D-341E-4F95-81DB-9E7222E65B06}.AppStore|Any CPU.Build.0 = Release|Any CPU
		{958ABA8D-341E-4F95-81DB-9E7222E65B06}.AppStore|Any CPU.Deploy.0 = Release|Any CPU
		{958ABA8D-341E-4F95-81DB-9E7222E65B06}.AppStore|ARM.ActiveCfg = Release|Any CPU
		{958ABA8D-341E-4F95-81DB-9E7222E65B06}.AppStore|ARM.Build.0 = Release|Any CPU
		{958ABA8D-341E-4F95-81DB-9E7222E65B06}.AppStore|ARM.Deploy.0 = Release|Any CPU
		{958ABA8D-341E-4F95-81DB-9E7222E65B06}.AppStore|iPhone.ActiveCfg = Release|Any CPU
		{958ABA8D-341E-4F95-81DB-9E7222E65B06}.AppStore|iPhone.Build.0 = Release|Any CPU
		{958ABA8D-341E-4F95-81DB-9E7222E65B06}.AppStore|iPhone.Deploy.0 = Release|Any CPU
		{958ABA8D-341E-4F95-81DB-9E7222E65B06}.AppStore|iPhoneSimulator.ActiveCfg = Release|Any CPU
		{958ABA8D-341E-4F95-81DB-9E7222E65B06}.AppStore|iPhoneSimulator.Build.0 = Release|Any CPU
		{958ABA8D-341E-4F95-81DB-9E7222E65B06}.AppStore|iPhoneSimulator.Deploy.0 = Release|Any CPU
		{958ABA8D-341E-4F95-81DB-9E7222E65B06}.AppStore|x64.ActiveCfg = Debug|Any CPU
		{958ABA8D-341E-4F95-81DB-9E7222E65B06}.AppStore|x64.Build.0 = Debug|Any CPU
		{958ABA8D-341E-4F95-81DB-9E7222E65B06}.AppStore|x64.Deploy.0 = Debug|Any CPU
		{958ABA8D-341E-4F95-81DB-9E7222E65B06}.AppStore|x86.ActiveCfg = Release|Any CPU
		{958ABA8D-341E-4F95-81DB-9E7222E65B06}.AppStore|x86.Build.0 = Release|Any CPU
		{958ABA8D-341E-4F95-81DB-9E7222E65B06}.AppStore|x86.Deploy.0 = Release|Any CPU
		{958ABA8D-341E-4F95-81DB-9E7222E65B06}.Debug|Any CPU.ActiveCfg = Debug|Any CPU
		{958ABA8D-341E-4F95-81DB-9E7222E65B06}.Debug|Any CPU.Build.0 = Debug|Any CPU
		{958ABA8D-341E-4F95-81DB-9E7222E65B06}.Debug|Any CPU.Deploy.0 = Debug|Any CPU
		{958ABA8D-341E-4F95-81DB-9E7222E65B06}.Debug|ARM.ActiveCfg = Debug|Any CPU
		{958ABA8D-341E-4F95-81DB-9E7222E65B06}.Debug|ARM.Build.0 = Debug|Any CPU
		{958ABA8D-341E-4F95-81DB-9E7222E65B06}.Debug|ARM.Deploy.0 = Debug|Any CPU
		{958ABA8D-341E-4F95-81DB-9E7222E65B06}.Debug|iPhone.ActiveCfg = Debug|Any CPU
		{958ABA8D-341E-4F95-81DB-9E7222E65B06}.Debug|iPhone.Build.0 = Debug|Any CPU
		{958ABA8D-341E-4F95-81DB-9E7222E65B06}.Debug|iPhone.Deploy.0 = Debug|Any CPU
		{958ABA8D-341E-4F95-81DB-9E7222E65B06}.Debug|iPhoneSimulator.ActiveCfg = Debug|Any CPU
		{958ABA8D-341E-4F95-81DB-9E7222E65B06}.Debug|iPhoneSimulator.Build.0 = Debug|Any CPU
		{958ABA8D-341E-4F95-81DB-9E7222E65B06}.Debug|iPhoneSimulator.Deploy.0 = Debug|Any CPU
		{958ABA8D-341E-4F95-81DB-9E7222E65B06}.Debug|x64.ActiveCfg = Debug|Any CPU
		{958ABA8D-341E-4F95-81DB-9E7222E65B06}.Debug|x64.Build.0 = Debug|Any CPU
		{958ABA8D-341E-4F95-81DB-9E7222E65B06}.Debug|x64.Deploy.0 = Debug|Any CPU
		{958ABA8D-341E-4F95-81DB-9E7222E65B06}.Debug|x86.ActiveCfg = Debug|Any CPU
		{958ABA8D-341E-4F95-81DB-9E7222E65B06}.Debug|x86.Build.0 = Debug|Any CPU
		{958ABA8D-341E-4F95-81DB-9E7222E65B06}.Debug|x86.Deploy.0 = Debug|Any CPU
		{958ABA8D-341E-4F95-81DB-9E7222E65B06}.EmuDebug|Any CPU.ActiveCfg = Debug|Any CPU
		{958ABA8D-341E-4F95-81DB-9E7222E65B06}.EmuDebug|Any CPU.Build.0 = Debug|Any CPU
		{958ABA8D-341E-4F95-81DB-9E7222E65B06}.EmuDebug|Any CPU.Deploy.0 = Debug|Any CPU
		{958ABA8D-341E-4F95-81DB-9E7222E65B06}.EmuDebug|ARM.ActiveCfg = Debug|Any CPU
		{958ABA8D-341E-4F95-81DB-9E7222E65B06}.EmuDebug|ARM.Build.0 = Debug|Any CPU
		{958ABA8D-341E-4F95-81DB-9E7222E65B06}.EmuDebug|ARM.Deploy.0 = Debug|Any CPU
		{958ABA8D-341E-4F95-81DB-9E7222E65B06}.EmuDebug|iPhone.ActiveCfg = Debug|Any CPU
		{958ABA8D-341E-4F95-81DB-9E7222E65B06}.EmuDebug|iPhone.Build.0 = Debug|Any CPU
		{958ABA8D-341E-4F95-81DB-9E7222E65B06}.EmuDebug|iPhone.Deploy.0 = Debug|Any CPU
		{958ABA8D-341E-4F95-81DB-9E7222E65B06}.EmuDebug|iPhoneSimulator.ActiveCfg = Debug|Any CPU
		{958ABA8D-341E-4F95-81DB-9E7222E65B06}.EmuDebug|iPhoneSimulator.Build.0 = Debug|Any CPU
		{958ABA8D-341E-4F95-81DB-9E7222E65B06}.EmuDebug|iPhoneSimulator.Deploy.0 = Debug|Any CPU
		{958ABA8D-341E-4F95-81DB-9E7222E65B06}.EmuDebug|x64.ActiveCfg = Debug|Any CPU
		{958ABA8D-341E-4F95-81DB-9E7222E65B06}.EmuDebug|x64.Build.0 = Debug|Any CPU
		{958ABA8D-341E-4F95-81DB-9E7222E65B06}.EmuDebug|x64.Deploy.0 = Debug|Any CPU
		{958ABA8D-341E-4F95-81DB-9E7222E65B06}.EmuDebug|x86.ActiveCfg = Debug|Any CPU
		{958ABA8D-341E-4F95-81DB-9E7222E65B06}.EmuDebug|x86.Build.0 = Debug|Any CPU
		{958ABA8D-341E-4F95-81DB-9E7222E65B06}.EmuDebug|x86.Deploy.0 = Debug|Any CPU
		{958ABA8D-341E-4F95-81DB-9E7222E65B06}.Release|Any CPU.ActiveCfg = Release|Any CPU
		{958ABA8D-341E-4F95-81DB-9E7222E65B06}.Release|Any CPU.Build.0 = Release|Any CPU
		{958ABA8D-341E-4F95-81DB-9E7222E65B06}.Release|Any CPU.Deploy.0 = Release|Any CPU
		{958ABA8D-341E-4F95-81DB-9E7222E65B06}.Release|ARM.ActiveCfg = Release|Any CPU
		{958ABA8D-341E-4F95-81DB-9E7222E65B06}.Release|ARM.Build.0 = Release|Any CPU
		{958ABA8D-341E-4F95-81DB-9E7222E65B06}.Release|ARM.Deploy.0 = Release|Any CPU
		{958ABA8D-341E-4F95-81DB-9E7222E65B06}.Release|iPhone.ActiveCfg = Release|Any CPU
		{958ABA8D-341E-4F95-81DB-9E7222E65B06}.Release|iPhone.Build.0 = Release|Any CPU
		{958ABA8D-341E-4F95-81DB-9E7222E65B06}.Release|iPhone.Deploy.0 = Release|Any CPU
		{958ABA8D-341E-4F95-81DB-9E7222E65B06}.Release|iPhoneSimulator.ActiveCfg = Release|Any CPU
		{958ABA8D-341E-4F95-81DB-9E7222E65B06}.Release|iPhoneSimulator.Build.0 = Release|Any CPU
		{958ABA8D-341E-4F95-81DB-9E7222E65B06}.Release|iPhoneSimulator.Deploy.0 = Release|Any CPU
		{958ABA8D-341E-4F95-81DB-9E7222E65B06}.Release|x64.ActiveCfg = Release|Any CPU
		{958ABA8D-341E-4F95-81DB-9E7222E65B06}.Release|x64.Build.0 = Release|Any CPU
		{958ABA8D-341E-4F95-81DB-9E7222E65B06}.Release|x64.Deploy.0 = Release|Any CPU
		{958ABA8D-341E-4F95-81DB-9E7222E65B06}.Release|x86.ActiveCfg = Release|Any CPU
		{958ABA8D-341E-4F95-81DB-9E7222E65B06}.Release|x86.Build.0 = Release|Any CPU
		{958ABA8D-341E-4F95-81DB-9E7222E65B06}.Release|x86.Deploy.0 = Release|Any CPU
		{A92929C4-F77E-4F4E-A512-041042EF14D9}.Ad-Hoc|Any CPU.ActiveCfg = Release|Any CPU
		{A92929C4-F77E-4F4E-A512-041042EF14D9}.Ad-Hoc|Any CPU.Build.0 = Release|Any CPU
		{A92929C4-F77E-4F4E-A512-041042EF14D9}.Ad-Hoc|ARM.ActiveCfg = Release|Any CPU
		{A92929C4-F77E-4F4E-A512-041042EF14D9}.Ad-Hoc|ARM.Build.0 = Release|Any CPU
		{A92929C4-F77E-4F4E-A512-041042EF14D9}.Ad-Hoc|iPhone.ActiveCfg = Release|Any CPU
		{A92929C4-F77E-4F4E-A512-041042EF14D9}.Ad-Hoc|iPhone.Build.0 = Release|Any CPU
		{A92929C4-F77E-4F4E-A512-041042EF14D9}.Ad-Hoc|iPhoneSimulator.ActiveCfg = Release|Any CPU
		{A92929C4-F77E-4F4E-A512-041042EF14D9}.Ad-Hoc|iPhoneSimulator.Build.0 = Release|Any CPU
		{A92929C4-F77E-4F4E-A512-041042EF14D9}.Ad-Hoc|x64.ActiveCfg = Debug|Any CPU
		{A92929C4-F77E-4F4E-A512-041042EF14D9}.Ad-Hoc|x64.Build.0 = Debug|Any CPU
		{A92929C4-F77E-4F4E-A512-041042EF14D9}.Ad-Hoc|x86.ActiveCfg = Release|Any CPU
		{A92929C4-F77E-4F4E-A512-041042EF14D9}.Ad-Hoc|x86.Build.0 = Release|Any CPU
		{A92929C4-F77E-4F4E-A512-041042EF14D9}.AppStore|Any CPU.ActiveCfg = Release|Any CPU
		{A92929C4-F77E-4F4E-A512-041042EF14D9}.AppStore|Any CPU.Build.0 = Release|Any CPU
		{A92929C4-F77E-4F4E-A512-041042EF14D9}.AppStore|ARM.ActiveCfg = Release|Any CPU
		{A92929C4-F77E-4F4E-A512-041042EF14D9}.AppStore|ARM.Build.0 = Release|Any CPU
		{A92929C4-F77E-4F4E-A512-041042EF14D9}.AppStore|iPhone.ActiveCfg = Release|Any CPU
		{A92929C4-F77E-4F4E-A512-041042EF14D9}.AppStore|iPhone.Build.0 = Release|Any CPU
		{A92929C4-F77E-4F4E-A512-041042EF14D9}.AppStore|iPhoneSimulator.ActiveCfg = Release|Any CPU
		{A92929C4-F77E-4F4E-A512-041042EF14D9}.AppStore|iPhoneSimulator.Build.0 = Release|Any CPU
		{A92929C4-F77E-4F4E-A512-041042EF14D9}.AppStore|x64.ActiveCfg = Debug|Any CPU
		{A92929C4-F77E-4F4E-A512-041042EF14D9}.AppStore|x64.Build.0 = Debug|Any CPU
		{A92929C4-F77E-4F4E-A512-041042EF14D9}.AppStore|x86.ActiveCfg = Release|Any CPU
		{A92929C4-F77E-4F4E-A512-041042EF14D9}.AppStore|x86.Build.0 = Release|Any CPU
		{A92929C4-F77E-4F4E-A512-041042EF14D9}.Debug|Any CPU.ActiveCfg = Debug|Any CPU
		{A92929C4-F77E-4F4E-A512-041042EF14D9}.Debug|Any CPU.Build.0 = Debug|Any CPU
		{A92929C4-F77E-4F4E-A512-041042EF14D9}.Debug|ARM.ActiveCfg = Debug|Any CPU
		{A92929C4-F77E-4F4E-A512-041042EF14D9}.Debug|ARM.Build.0 = Debug|Any CPU
		{A92929C4-F77E-4F4E-A512-041042EF14D9}.Debug|iPhone.ActiveCfg = Debug|Any CPU
		{A92929C4-F77E-4F4E-A512-041042EF14D9}.Debug|iPhone.Build.0 = Debug|Any CPU
		{A92929C4-F77E-4F4E-A512-041042EF14D9}.Debug|iPhoneSimulator.ActiveCfg = Debug|Any CPU
		{A92929C4-F77E-4F4E-A512-041042EF14D9}.Debug|iPhoneSimulator.Build.0 = Debug|Any CPU
		{A92929C4-F77E-4F4E-A512-041042EF14D9}.Debug|x64.ActiveCfg = Debug|Any CPU
		{A92929C4-F77E-4F4E-A512-041042EF14D9}.Debug|x64.Build.0 = Debug|Any CPU
		{A92929C4-F77E-4F4E-A512-041042EF14D9}.Debug|x86.ActiveCfg = Debug|Any CPU
		{A92929C4-F77E-4F4E-A512-041042EF14D9}.Debug|x86.Build.0 = Debug|Any CPU
		{A92929C4-F77E-4F4E-A512-041042EF14D9}.EmuDebug|Any CPU.ActiveCfg = Debug|Any CPU
		{A92929C4-F77E-4F4E-A512-041042EF14D9}.EmuDebug|Any CPU.Build.0 = Debug|Any CPU
		{A92929C4-F77E-4F4E-A512-041042EF14D9}.EmuDebug|ARM.ActiveCfg = Debug|Any CPU
		{A92929C4-F77E-4F4E-A512-041042EF14D9}.EmuDebug|ARM.Build.0 = Debug|Any CPU
		{A92929C4-F77E-4F4E-A512-041042EF14D9}.EmuDebug|iPhone.ActiveCfg = Debug|Any CPU
		{A92929C4-F77E-4F4E-A512-041042EF14D9}.EmuDebug|iPhone.Build.0 = Debug|Any CPU
		{A92929C4-F77E-4F4E-A512-041042EF14D9}.EmuDebug|iPhoneSimulator.ActiveCfg = Debug|Any CPU
		{A92929C4-F77E-4F4E-A512-041042EF14D9}.EmuDebug|iPhoneSimulator.Build.0 = Debug|Any CPU
		{A92929C4-F77E-4F4E-A512-041042EF14D9}.EmuDebug|x64.ActiveCfg = Debug|Any CPU
		{A92929C4-F77E-4F4E-A512-041042EF14D9}.EmuDebug|x64.Build.0 = Debug|Any CPU
		{A92929C4-F77E-4F4E-A512-041042EF14D9}.EmuDebug|x86.ActiveCfg = Debug|Any CPU
		{A92929C4-F77E-4F4E-A512-041042EF14D9}.EmuDebug|x86.Build.0 = Debug|Any CPU
		{A92929C4-F77E-4F4E-A512-041042EF14D9}.Release|Any CPU.ActiveCfg = Release|Any CPU
		{A92929C4-F77E-4F4E-A512-041042EF14D9}.Release|Any CPU.Build.0 = Release|Any CPU
		{A92929C4-F77E-4F4E-A512-041042EF14D9}.Release|ARM.ActiveCfg = Release|Any CPU
		{A92929C4-F77E-4F4E-A512-041042EF14D9}.Release|ARM.Build.0 = Release|Any CPU
		{A92929C4-F77E-4F4E-A512-041042EF14D9}.Release|iPhone.ActiveCfg = Release|Any CPU
		{A92929C4-F77E-4F4E-A512-041042EF14D9}.Release|iPhone.Build.0 = Release|Any CPU
		{A92929C4-F77E-4F4E-A512-041042EF14D9}.Release|iPhoneSimulator.ActiveCfg = Release|Any CPU
		{A92929C4-F77E-4F4E-A512-041042EF14D9}.Release|iPhoneSimulator.Build.0 = Release|Any CPU
		{A92929C4-F77E-4F4E-A512-041042EF14D9}.Release|x64.ActiveCfg = Release|Any CPU
		{A92929C4-F77E-4F4E-A512-041042EF14D9}.Release|x64.Build.0 = Release|Any CPU
		{A92929C4-F77E-4F4E-A512-041042EF14D9}.Release|x86.ActiveCfg = Release|Any CPU
		{A92929C4-F77E-4F4E-A512-041042EF14D9}.Release|x86.Build.0 = Release|Any CPU
		{64A917E2-2A5F-4DA6-A856-1FFA1BAE0C51}.Ad-Hoc|Any CPU.ActiveCfg = Release|Any CPU
		{64A917E2-2A5F-4DA6-A856-1FFA1BAE0C51}.Ad-Hoc|Any CPU.Build.0 = Release|Any CPU
		{64A917E2-2A5F-4DA6-A856-1FFA1BAE0C51}.Ad-Hoc|Any CPU.Deploy.0 = Release|Any CPU
		{64A917E2-2A5F-4DA6-A856-1FFA1BAE0C51}.Ad-Hoc|ARM.ActiveCfg = Release|ARM
		{64A917E2-2A5F-4DA6-A856-1FFA1BAE0C51}.Ad-Hoc|ARM.Build.0 = Release|ARM
		{64A917E2-2A5F-4DA6-A856-1FFA1BAE0C51}.Ad-Hoc|ARM.Deploy.0 = Release|ARM
		{64A917E2-2A5F-4DA6-A856-1FFA1BAE0C51}.Ad-Hoc|iPhone.ActiveCfg = Release|Any CPU
		{64A917E2-2A5F-4DA6-A856-1FFA1BAE0C51}.Ad-Hoc|iPhone.Build.0 = Release|Any CPU
		{64A917E2-2A5F-4DA6-A856-1FFA1BAE0C51}.Ad-Hoc|iPhone.Deploy.0 = Release|Any CPU
		{64A917E2-2A5F-4DA6-A856-1FFA1BAE0C51}.Ad-Hoc|iPhoneSimulator.ActiveCfg = Release|Any CPU
		{64A917E2-2A5F-4DA6-A856-1FFA1BAE0C51}.Ad-Hoc|iPhoneSimulator.Build.0 = Release|Any CPU
		{64A917E2-2A5F-4DA6-A856-1FFA1BAE0C51}.Ad-Hoc|iPhoneSimulator.Deploy.0 = Release|Any CPU
		{64A917E2-2A5F-4DA6-A856-1FFA1BAE0C51}.Ad-Hoc|x64.ActiveCfg = EmuDebug|Any CPU
		{64A917E2-2A5F-4DA6-A856-1FFA1BAE0C51}.Ad-Hoc|x64.Build.0 = EmuDebug|Any CPU
		{64A917E2-2A5F-4DA6-A856-1FFA1BAE0C51}.Ad-Hoc|x64.Deploy.0 = EmuDebug|Any CPU
		{64A917E2-2A5F-4DA6-A856-1FFA1BAE0C51}.Ad-Hoc|x86.ActiveCfg = Release|x86
		{64A917E2-2A5F-4DA6-A856-1FFA1BAE0C51}.Ad-Hoc|x86.Build.0 = Release|x86
		{64A917E2-2A5F-4DA6-A856-1FFA1BAE0C51}.Ad-Hoc|x86.Deploy.0 = Release|x86
		{64A917E2-2A5F-4DA6-A856-1FFA1BAE0C51}.AppStore|Any CPU.ActiveCfg = Release|Any CPU
		{64A917E2-2A5F-4DA6-A856-1FFA1BAE0C51}.AppStore|Any CPU.Build.0 = Release|Any CPU
		{64A917E2-2A5F-4DA6-A856-1FFA1BAE0C51}.AppStore|Any CPU.Deploy.0 = Release|Any CPU
		{64A917E2-2A5F-4DA6-A856-1FFA1BAE0C51}.AppStore|ARM.ActiveCfg = Release|ARM
		{64A917E2-2A5F-4DA6-A856-1FFA1BAE0C51}.AppStore|ARM.Build.0 = Release|ARM
		{64A917E2-2A5F-4DA6-A856-1FFA1BAE0C51}.AppStore|ARM.Deploy.0 = Release|ARM
		{64A917E2-2A5F-4DA6-A856-1FFA1BAE0C51}.AppStore|iPhone.ActiveCfg = Release|Any CPU
		{64A917E2-2A5F-4DA6-A856-1FFA1BAE0C51}.AppStore|iPhone.Build.0 = Release|Any CPU
		{64A917E2-2A5F-4DA6-A856-1FFA1BAE0C51}.AppStore|iPhone.Deploy.0 = Release|Any CPU
		{64A917E2-2A5F-4DA6-A856-1FFA1BAE0C51}.AppStore|iPhoneSimulator.ActiveCfg = Release|Any CPU
		{64A917E2-2A5F-4DA6-A856-1FFA1BAE0C51}.AppStore|iPhoneSimulator.Build.0 = Release|Any CPU
		{64A917E2-2A5F-4DA6-A856-1FFA1BAE0C51}.AppStore|iPhoneSimulator.Deploy.0 = Release|Any CPU
		{64A917E2-2A5F-4DA6-A856-1FFA1BAE0C51}.AppStore|x64.ActiveCfg = EmuDebug|Any CPU
		{64A917E2-2A5F-4DA6-A856-1FFA1BAE0C51}.AppStore|x64.Build.0 = EmuDebug|Any CPU
		{64A917E2-2A5F-4DA6-A856-1FFA1BAE0C51}.AppStore|x64.Deploy.0 = EmuDebug|Any CPU
		{64A917E2-2A5F-4DA6-A856-1FFA1BAE0C51}.AppStore|x86.ActiveCfg = Release|x86
		{64A917E2-2A5F-4DA6-A856-1FFA1BAE0C51}.AppStore|x86.Build.0 = Release|x86
		{64A917E2-2A5F-4DA6-A856-1FFA1BAE0C51}.AppStore|x86.Deploy.0 = Release|x86
		{64A917E2-2A5F-4DA6-A856-1FFA1BAE0C51}.Debug|Any CPU.ActiveCfg = Debug|Any CPU
		{64A917E2-2A5F-4DA6-A856-1FFA1BAE0C51}.Debug|Any CPU.Build.0 = Debug|Any CPU
		{64A917E2-2A5F-4DA6-A856-1FFA1BAE0C51}.Debug|Any CPU.Deploy.0 = Debug|Any CPU
		{64A917E2-2A5F-4DA6-A856-1FFA1BAE0C51}.Debug|ARM.ActiveCfg = Debug|ARM
		{64A917E2-2A5F-4DA6-A856-1FFA1BAE0C51}.Debug|ARM.Build.0 = Debug|ARM
		{64A917E2-2A5F-4DA6-A856-1FFA1BAE0C51}.Debug|ARM.Deploy.0 = Debug|ARM
		{64A917E2-2A5F-4DA6-A856-1FFA1BAE0C51}.Debug|iPhone.ActiveCfg = Debug|Any CPU
		{64A917E2-2A5F-4DA6-A856-1FFA1BAE0C51}.Debug|iPhone.Build.0 = Debug|Any CPU
		{64A917E2-2A5F-4DA6-A856-1FFA1BAE0C51}.Debug|iPhone.Deploy.0 = Debug|Any CPU
		{64A917E2-2A5F-4DA6-A856-1FFA1BAE0C51}.Debug|iPhoneSimulator.ActiveCfg = Debug|Any CPU
		{64A917E2-2A5F-4DA6-A856-1FFA1BAE0C51}.Debug|iPhoneSimulator.Build.0 = Debug|Any CPU
		{64A917E2-2A5F-4DA6-A856-1FFA1BAE0C51}.Debug|iPhoneSimulator.Deploy.0 = Debug|Any CPU
		{64A917E2-2A5F-4DA6-A856-1FFA1BAE0C51}.Debug|x64.ActiveCfg = Debug|Any CPU
		{64A917E2-2A5F-4DA6-A856-1FFA1BAE0C51}.Debug|x64.Build.0 = Debug|Any CPU
		{64A917E2-2A5F-4DA6-A856-1FFA1BAE0C51}.Debug|x64.Deploy.0 = Debug|Any CPU
		{64A917E2-2A5F-4DA6-A856-1FFA1BAE0C51}.Debug|x86.ActiveCfg = Debug|x86
		{64A917E2-2A5F-4DA6-A856-1FFA1BAE0C51}.Debug|x86.Build.0 = Debug|x86
		{64A917E2-2A5F-4DA6-A856-1FFA1BAE0C51}.Debug|x86.Deploy.0 = Debug|x86
		{64A917E2-2A5F-4DA6-A856-1FFA1BAE0C51}.EmuDebug|Any CPU.ActiveCfg = EmuDebug|Any CPU
		{64A917E2-2A5F-4DA6-A856-1FFA1BAE0C51}.EmuDebug|Any CPU.Build.0 = EmuDebug|Any CPU
		{64A917E2-2A5F-4DA6-A856-1FFA1BAE0C51}.EmuDebug|Any CPU.Deploy.0 = EmuDebug|Any CPU
		{64A917E2-2A5F-4DA6-A856-1FFA1BAE0C51}.EmuDebug|ARM.ActiveCfg = EmuDebug|ARM
		{64A917E2-2A5F-4DA6-A856-1FFA1BAE0C51}.EmuDebug|ARM.Build.0 = EmuDebug|ARM
		{64A917E2-2A5F-4DA6-A856-1FFA1BAE0C51}.EmuDebug|ARM.Deploy.0 = EmuDebug|ARM
		{64A917E2-2A5F-4DA6-A856-1FFA1BAE0C51}.EmuDebug|iPhone.ActiveCfg = EmuDebug|Any CPU
		{64A917E2-2A5F-4DA6-A856-1FFA1BAE0C51}.EmuDebug|iPhone.Build.0 = EmuDebug|Any CPU
		{64A917E2-2A5F-4DA6-A856-1FFA1BAE0C51}.EmuDebug|iPhone.Deploy.0 = EmuDebug|Any CPU
		{64A917E2-2A5F-4DA6-A856-1FFA1BAE0C51}.EmuDebug|iPhoneSimulator.ActiveCfg = EmuDebug|Any CPU
		{64A917E2-2A5F-4DA6-A856-1FFA1BAE0C51}.EmuDebug|iPhoneSimulator.Build.0 = EmuDebug|Any CPU
		{64A917E2-2A5F-4DA6-A856-1FFA1BAE0C51}.EmuDebug|iPhoneSimulator.Deploy.0 = EmuDebug|Any CPU
		{64A917E2-2A5F-4DA6-A856-1FFA1BAE0C51}.EmuDebug|x64.ActiveCfg = EmuDebug|Any CPU
		{64A917E2-2A5F-4DA6-A856-1FFA1BAE0C51}.EmuDebug|x64.Build.0 = EmuDebug|Any CPU
		{64A917E2-2A5F-4DA6-A856-1FFA1BAE0C51}.EmuDebug|x64.Deploy.0 = EmuDebug|Any CPU
		{64A917E2-2A5F-4DA6-A856-1FFA1BAE0C51}.EmuDebug|x86.ActiveCfg = EmuDebug|x86
		{64A917E2-2A5F-4DA6-A856-1FFA1BAE0C51}.EmuDebug|x86.Build.0 = EmuDebug|x86
		{64A917E2-2A5F-4DA6-A856-1FFA1BAE0C51}.EmuDebug|x86.Deploy.0 = EmuDebug|x86
		{64A917E2-2A5F-4DA6-A856-1FFA1BAE0C51}.Release|Any CPU.ActiveCfg = Release|Any CPU
		{64A917E2-2A5F-4DA6-A856-1FFA1BAE0C51}.Release|Any CPU.Build.0 = Release|Any CPU
		{64A917E2-2A5F-4DA6-A856-1FFA1BAE0C51}.Release|Any CPU.Deploy.0 = Release|Any CPU
		{64A917E2-2A5F-4DA6-A856-1FFA1BAE0C51}.Release|ARM.ActiveCfg = Release|ARM
		{64A917E2-2A5F-4DA6-A856-1FFA1BAE0C51}.Release|ARM.Build.0 = Release|ARM
		{64A917E2-2A5F-4DA6-A856-1FFA1BAE0C51}.Release|ARM.Deploy.0 = Release|ARM
		{64A917E2-2A5F-4DA6-A856-1FFA1BAE0C51}.Release|iPhone.ActiveCfg = Release|Any CPU
		{64A917E2-2A5F-4DA6-A856-1FFA1BAE0C51}.Release|iPhone.Build.0 = Release|Any CPU
		{64A917E2-2A5F-4DA6-A856-1FFA1BAE0C51}.Release|iPhone.Deploy.0 = Release|Any CPU
		{64A917E2-2A5F-4DA6-A856-1FFA1BAE0C51}.Release|iPhoneSimulator.ActiveCfg = Release|Any CPU
		{64A917E2-2A5F-4DA6-A856-1FFA1BAE0C51}.Release|iPhoneSimulator.Build.0 = Release|Any CPU
		{64A917E2-2A5F-4DA6-A856-1FFA1BAE0C51}.Release|iPhoneSimulator.Deploy.0 = Release|Any CPU
		{64A917E2-2A5F-4DA6-A856-1FFA1BAE0C51}.Release|x64.ActiveCfg = Release|Any CPU
		{64A917E2-2A5F-4DA6-A856-1FFA1BAE0C51}.Release|x64.Build.0 = Release|Any CPU
		{64A917E2-2A5F-4DA6-A856-1FFA1BAE0C51}.Release|x64.Deploy.0 = Release|Any CPU
		{64A917E2-2A5F-4DA6-A856-1FFA1BAE0C51}.Release|x86.ActiveCfg = Release|x86
		{64A917E2-2A5F-4DA6-A856-1FFA1BAE0C51}.Release|x86.Build.0 = Release|x86
		{64A917E2-2A5F-4DA6-A856-1FFA1BAE0C51}.Release|x86.Deploy.0 = Release|x86
		{234619F8-48E8-407D-BC80-F0C74F95A62F}.Ad-Hoc|Any CPU.ActiveCfg = Release|Any CPU
		{234619F8-48E8-407D-BC80-F0C74F95A62F}.Ad-Hoc|Any CPU.Build.0 = Release|Any CPU
		{234619F8-48E8-407D-BC80-F0C74F95A62F}.Ad-Hoc|ARM.ActiveCfg = Release|Any CPU
		{234619F8-48E8-407D-BC80-F0C74F95A62F}.Ad-Hoc|ARM.Build.0 = Release|Any CPU
		{234619F8-48E8-407D-BC80-F0C74F95A62F}.Ad-Hoc|iPhone.ActiveCfg = Release|Any CPU
		{234619F8-48E8-407D-BC80-F0C74F95A62F}.Ad-Hoc|iPhone.Build.0 = Release|Any CPU
		{234619F8-48E8-407D-BC80-F0C74F95A62F}.Ad-Hoc|iPhoneSimulator.ActiveCfg = Release|Any CPU
		{234619F8-48E8-407D-BC80-F0C74F95A62F}.Ad-Hoc|iPhoneSimulator.Build.0 = Release|Any CPU
		{234619F8-48E8-407D-BC80-F0C74F95A62F}.Ad-Hoc|x64.ActiveCfg = Debug|Any CPU
		{234619F8-48E8-407D-BC80-F0C74F95A62F}.Ad-Hoc|x64.Build.0 = Debug|Any CPU
		{234619F8-48E8-407D-BC80-F0C74F95A62F}.Ad-Hoc|x86.ActiveCfg = Release|Any CPU
		{234619F8-48E8-407D-BC80-F0C74F95A62F}.Ad-Hoc|x86.Build.0 = Release|Any CPU
		{234619F8-48E8-407D-BC80-F0C74F95A62F}.AppStore|Any CPU.ActiveCfg = Release|Any CPU
		{234619F8-48E8-407D-BC80-F0C74F95A62F}.AppStore|Any CPU.Build.0 = Release|Any CPU
		{234619F8-48E8-407D-BC80-F0C74F95A62F}.AppStore|ARM.ActiveCfg = Release|Any CPU
		{234619F8-48E8-407D-BC80-F0C74F95A62F}.AppStore|ARM.Build.0 = Release|Any CPU
		{234619F8-48E8-407D-BC80-F0C74F95A62F}.AppStore|iPhone.ActiveCfg = Release|Any CPU
		{234619F8-48E8-407D-BC80-F0C74F95A62F}.AppStore|iPhone.Build.0 = Release|Any CPU
		{234619F8-48E8-407D-BC80-F0C74F95A62F}.AppStore|iPhoneSimulator.ActiveCfg = Release|Any CPU
		{234619F8-48E8-407D-BC80-F0C74F95A62F}.AppStore|iPhoneSimulator.Build.0 = Release|Any CPU
		{234619F8-48E8-407D-BC80-F0C74F95A62F}.AppStore|x64.ActiveCfg = Debug|Any CPU
		{234619F8-48E8-407D-BC80-F0C74F95A62F}.AppStore|x64.Build.0 = Debug|Any CPU
		{234619F8-48E8-407D-BC80-F0C74F95A62F}.AppStore|x86.ActiveCfg = Release|Any CPU
		{234619F8-48E8-407D-BC80-F0C74F95A62F}.AppStore|x86.Build.0 = Release|Any CPU
		{234619F8-48E8-407D-BC80-F0C74F95A62F}.Debug|Any CPU.ActiveCfg = Debug|Any CPU
		{234619F8-48E8-407D-BC80-F0C74F95A62F}.Debug|Any CPU.Build.0 = Debug|Any CPU
		{234619F8-48E8-407D-BC80-F0C74F95A62F}.Debug|ARM.ActiveCfg = Debug|Any CPU
		{234619F8-48E8-407D-BC80-F0C74F95A62F}.Debug|ARM.Build.0 = Debug|Any CPU
		{234619F8-48E8-407D-BC80-F0C74F95A62F}.Debug|iPhone.ActiveCfg = Debug|Any CPU
		{234619F8-48E8-407D-BC80-F0C74F95A62F}.Debug|iPhone.Build.0 = Debug|Any CPU
		{234619F8-48E8-407D-BC80-F0C74F95A62F}.Debug|iPhoneSimulator.ActiveCfg = Debug|Any CPU
		{234619F8-48E8-407D-BC80-F0C74F95A62F}.Debug|iPhoneSimulator.Build.0 = Debug|Any CPU
		{234619F8-48E8-407D-BC80-F0C74F95A62F}.Debug|x64.ActiveCfg = Debug|Any CPU
		{234619F8-48E8-407D-BC80-F0C74F95A62F}.Debug|x64.Build.0 = Debug|Any CPU
		{234619F8-48E8-407D-BC80-F0C74F95A62F}.Debug|x86.ActiveCfg = Debug|Any CPU
		{234619F8-48E8-407D-BC80-F0C74F95A62F}.Debug|x86.Build.0 = Debug|Any CPU
		{234619F8-48E8-407D-BC80-F0C74F95A62F}.EmuDebug|Any CPU.ActiveCfg = Debug|Any CPU
		{234619F8-48E8-407D-BC80-F0C74F95A62F}.EmuDebug|Any CPU.Build.0 = Debug|Any CPU
		{234619F8-48E8-407D-BC80-F0C74F95A62F}.EmuDebug|ARM.ActiveCfg = Debug|Any CPU
		{234619F8-48E8-407D-BC80-F0C74F95A62F}.EmuDebug|ARM.Build.0 = Debug|Any CPU
		{234619F8-48E8-407D-BC80-F0C74F95A62F}.EmuDebug|iPhone.ActiveCfg = Debug|Any CPU
		{234619F8-48E8-407D-BC80-F0C74F95A62F}.EmuDebug|iPhone.Build.0 = Debug|Any CPU
		{234619F8-48E8-407D-BC80-F0C74F95A62F}.EmuDebug|iPhoneSimulator.ActiveCfg = Debug|Any CPU
		{234619F8-48E8-407D-BC80-F0C74F95A62F}.EmuDebug|iPhoneSimulator.Build.0 = Debug|Any CPU
		{234619F8-48E8-407D-BC80-F0C74F95A62F}.EmuDebug|x64.ActiveCfg = Debug|Any CPU
		{234619F8-48E8-407D-BC80-F0C74F95A62F}.EmuDebug|x64.Build.0 = Debug|Any CPU
		{234619F8-48E8-407D-BC80-F0C74F95A62F}.EmuDebug|x86.ActiveCfg = Debug|Any CPU
		{234619F8-48E8-407D-BC80-F0C74F95A62F}.EmuDebug|x86.Build.0 = Debug|Any CPU
		{234619F8-48E8-407D-BC80-F0C74F95A62F}.Release|Any CPU.ActiveCfg = Release|Any CPU
		{234619F8-48E8-407D-BC80-F0C74F95A62F}.Release|Any CPU.Build.0 = Release|Any CPU
		{234619F8-48E8-407D-BC80-F0C74F95A62F}.Release|ARM.ActiveCfg = Release|Any CPU
		{234619F8-48E8-407D-BC80-F0C74F95A62F}.Release|ARM.Build.0 = Release|Any CPU
		{234619F8-48E8-407D-BC80-F0C74F95A62F}.Release|iPhone.ActiveCfg = Release|Any CPU
		{234619F8-48E8-407D-BC80-F0C74F95A62F}.Release|iPhone.Build.0 = Release|Any CPU
		{234619F8-48E8-407D-BC80-F0C74F95A62F}.Release|iPhoneSimulator.ActiveCfg = Release|Any CPU
		{234619F8-48E8-407D-BC80-F0C74F95A62F}.Release|iPhoneSimulator.Build.0 = Release|Any CPU
		{234619F8-48E8-407D-BC80-F0C74F95A62F}.Release|x64.ActiveCfg = Release|Any CPU
		{234619F8-48E8-407D-BC80-F0C74F95A62F}.Release|x64.Build.0 = Release|Any CPU
		{234619F8-48E8-407D-BC80-F0C74F95A62F}.Release|x86.ActiveCfg = Release|Any CPU
		{234619F8-48E8-407D-BC80-F0C74F95A62F}.Release|x86.Build.0 = Release|Any CPU
		{F1926947-E3FA-4909-89F8-F581902FBB33}.Ad-Hoc|Any CPU.ActiveCfg = Release|x64
		{F1926947-E3FA-4909-89F8-F581902FBB33}.Ad-Hoc|Any CPU.Build.0 = Release|x64
		{F1926947-E3FA-4909-89F8-F581902FBB33}.Ad-Hoc|Any CPU.Deploy.0 = Release|x64
		{F1926947-E3FA-4909-89F8-F581902FBB33}.Ad-Hoc|ARM.ActiveCfg = Release|ARM
		{F1926947-E3FA-4909-89F8-F581902FBB33}.Ad-Hoc|ARM.Build.0 = Release|ARM
		{F1926947-E3FA-4909-89F8-F581902FBB33}.Ad-Hoc|ARM.Deploy.0 = Release|ARM
		{F1926947-E3FA-4909-89F8-F581902FBB33}.Ad-Hoc|iPhone.ActiveCfg = Release|x64
		{F1926947-E3FA-4909-89F8-F581902FBB33}.Ad-Hoc|iPhone.Build.0 = Release|x64
		{F1926947-E3FA-4909-89F8-F581902FBB33}.Ad-Hoc|iPhone.Deploy.0 = Release|x64
		{F1926947-E3FA-4909-89F8-F581902FBB33}.Ad-Hoc|iPhoneSimulator.ActiveCfg = Release|x64
		{F1926947-E3FA-4909-89F8-F581902FBB33}.Ad-Hoc|iPhoneSimulator.Build.0 = Release|x64
		{F1926947-E3FA-4909-89F8-F581902FBB33}.Ad-Hoc|iPhoneSimulator.Deploy.0 = Release|x64
		{F1926947-E3FA-4909-89F8-F581902FBB33}.Ad-Hoc|x64.ActiveCfg = Release|x64
		{F1926947-E3FA-4909-89F8-F581902FBB33}.Ad-Hoc|x64.Build.0 = Release|x64
		{F1926947-E3FA-4909-89F8-F581902FBB33}.Ad-Hoc|x64.Deploy.0 = Release|x64
		{F1926947-E3FA-4909-89F8-F581902FBB33}.Ad-Hoc|x86.ActiveCfg = Release|x86
		{F1926947-E3FA-4909-89F8-F581902FBB33}.Ad-Hoc|x86.Build.0 = Release|x86
		{F1926947-E3FA-4909-89F8-F581902FBB33}.Ad-Hoc|x86.Deploy.0 = Release|x86
		{F1926947-E3FA-4909-89F8-F581902FBB33}.AppStore|Any CPU.ActiveCfg = Release|x64
		{F1926947-E3FA-4909-89F8-F581902FBB33}.AppStore|Any CPU.Build.0 = Release|x64
		{F1926947-E3FA-4909-89F8-F581902FBB33}.AppStore|Any CPU.Deploy.0 = Release|x64
		{F1926947-E3FA-4909-89F8-F581902FBB33}.AppStore|ARM.ActiveCfg = Release|ARM
		{F1926947-E3FA-4909-89F8-F581902FBB33}.AppStore|ARM.Build.0 = Release|ARM
		{F1926947-E3FA-4909-89F8-F581902FBB33}.AppStore|ARM.Deploy.0 = Release|ARM
		{F1926947-E3FA-4909-89F8-F581902FBB33}.AppStore|iPhone.ActiveCfg = Release|x64
		{F1926947-E3FA-4909-89F8-F581902FBB33}.AppStore|iPhone.Build.0 = Release|x64
		{F1926947-E3FA-4909-89F8-F581902FBB33}.AppStore|iPhone.Deploy.0 = Release|x64
		{F1926947-E3FA-4909-89F8-F581902FBB33}.AppStore|iPhoneSimulator.ActiveCfg = Release|x64
		{F1926947-E3FA-4909-89F8-F581902FBB33}.AppStore|iPhoneSimulator.Build.0 = Release|x64
		{F1926947-E3FA-4909-89F8-F581902FBB33}.AppStore|iPhoneSimulator.Deploy.0 = Release|x64
		{F1926947-E3FA-4909-89F8-F581902FBB33}.AppStore|x64.ActiveCfg = Release|x64
		{F1926947-E3FA-4909-89F8-F581902FBB33}.AppStore|x64.Build.0 = Release|x64
		{F1926947-E3FA-4909-89F8-F581902FBB33}.AppStore|x64.Deploy.0 = Release|x64
		{F1926947-E3FA-4909-89F8-F581902FBB33}.AppStore|x86.ActiveCfg = Release|x86
		{F1926947-E3FA-4909-89F8-F581902FBB33}.AppStore|x86.Build.0 = Release|x86
		{F1926947-E3FA-4909-89F8-F581902FBB33}.AppStore|x86.Deploy.0 = Release|x86
		{F1926947-E3FA-4909-89F8-F581902FBB33}.Debug|Any CPU.ActiveCfg = Debug|x86
		{F1926947-E3FA-4909-89F8-F581902FBB33}.Debug|Any CPU.Build.0 = Debug|x86
		{F1926947-E3FA-4909-89F8-F581902FBB33}.Debug|Any CPU.Deploy.0 = Debug|x86
		{F1926947-E3FA-4909-89F8-F581902FBB33}.Debug|ARM.ActiveCfg = Debug|ARM
		{F1926947-E3FA-4909-89F8-F581902FBB33}.Debug|ARM.Build.0 = Debug|ARM
		{F1926947-E3FA-4909-89F8-F581902FBB33}.Debug|ARM.Deploy.0 = Debug|ARM
		{F1926947-E3FA-4909-89F8-F581902FBB33}.Debug|iPhone.ActiveCfg = Debug|x86
		{F1926947-E3FA-4909-89F8-F581902FBB33}.Debug|iPhoneSimulator.ActiveCfg = Debug|x86
		{F1926947-E3FA-4909-89F8-F581902FBB33}.Debug|x64.ActiveCfg = Debug|x64
		{F1926947-E3FA-4909-89F8-F581902FBB33}.Debug|x64.Build.0 = Debug|x64
		{F1926947-E3FA-4909-89F8-F581902FBB33}.Debug|x64.Deploy.0 = Debug|x64
		{F1926947-E3FA-4909-89F8-F581902FBB33}.Debug|x86.ActiveCfg = Debug|x86
		{F1926947-E3FA-4909-89F8-F581902FBB33}.Debug|x86.Build.0 = Debug|x86
		{F1926947-E3FA-4909-89F8-F581902FBB33}.Debug|x86.Deploy.0 = Debug|x86
		{F1926947-E3FA-4909-89F8-F581902FBB33}.EmuDebug|Any CPU.ActiveCfg = Release|x64
		{F1926947-E3FA-4909-89F8-F581902FBB33}.EmuDebug|Any CPU.Build.0 = Release|x64
		{F1926947-E3FA-4909-89F8-F581902FBB33}.EmuDebug|Any CPU.Deploy.0 = Release|x64
		{F1926947-E3FA-4909-89F8-F581902FBB33}.EmuDebug|ARM.ActiveCfg = Debug|ARM
		{F1926947-E3FA-4909-89F8-F581902FBB33}.EmuDebug|ARM.Build.0 = Debug|ARM
		{F1926947-E3FA-4909-89F8-F581902FBB33}.EmuDebug|ARM.Deploy.0 = Debug|ARM
		{F1926947-E3FA-4909-89F8-F581902FBB33}.EmuDebug|iPhone.ActiveCfg = Release|x64
		{F1926947-E3FA-4909-89F8-F581902FBB33}.EmuDebug|iPhone.Build.0 = Release|x64
		{F1926947-E3FA-4909-89F8-F581902FBB33}.EmuDebug|iPhone.Deploy.0 = Release|x64
		{F1926947-E3FA-4909-89F8-F581902FBB33}.EmuDebug|iPhoneSimulator.ActiveCfg = Release|x64
		{F1926947-E3FA-4909-89F8-F581902FBB33}.EmuDebug|iPhoneSimulator.Build.0 = Release|x64
		{F1926947-E3FA-4909-89F8-F581902FBB33}.EmuDebug|iPhoneSimulator.Deploy.0 = Release|x64
		{F1926947-E3FA-4909-89F8-F581902FBB33}.EmuDebug|x64.ActiveCfg = Debug|x64
		{F1926947-E3FA-4909-89F8-F581902FBB33}.EmuDebug|x64.Build.0 = Debug|x64
		{F1926947-E3FA-4909-89F8-F581902FBB33}.EmuDebug|x64.Deploy.0 = Debug|x64
		{F1926947-E3FA-4909-89F8-F581902FBB33}.EmuDebug|x86.ActiveCfg = Debug|x86
		{F1926947-E3FA-4909-89F8-F581902FBB33}.EmuDebug|x86.Build.0 = Debug|x86
		{F1926947-E3FA-4909-89F8-F581902FBB33}.EmuDebug|x86.Deploy.0 = Debug|x86
		{F1926947-E3FA-4909-89F8-F581902FBB33}.Release|Any CPU.ActiveCfg = Release|x86
		{F1926947-E3FA-4909-89F8-F581902FBB33}.Release|Any CPU.Build.0 = Release|x86
		{F1926947-E3FA-4909-89F8-F581902FBB33}.Release|Any CPU.Deploy.0 = Release|x86
		{F1926947-E3FA-4909-89F8-F581902FBB33}.Release|ARM.ActiveCfg = Release|ARM
		{F1926947-E3FA-4909-89F8-F581902FBB33}.Release|ARM.Build.0 = Release|ARM
		{F1926947-E3FA-4909-89F8-F581902FBB33}.Release|ARM.Deploy.0 = Release|ARM
		{F1926947-E3FA-4909-89F8-F581902FBB33}.Release|iPhone.ActiveCfg = Release|x86
		{F1926947-E3FA-4909-89F8-F581902FBB33}.Release|iPhoneSimulator.ActiveCfg = Release|x86
		{F1926947-E3FA-4909-89F8-F581902FBB33}.Release|x64.ActiveCfg = Release|x64
		{F1926947-E3FA-4909-89F8-F581902FBB33}.Release|x64.Build.0 = Release|x64
		{F1926947-E3FA-4909-89F8-F581902FBB33}.Release|x64.Deploy.0 = Release|x64
		{F1926947-E3FA-4909-89F8-F581902FBB33}.Release|x86.ActiveCfg = Release|x86
		{F1926947-E3FA-4909-89F8-F581902FBB33}.Release|x86.Build.0 = Release|x86
		{F1926947-E3FA-4909-89F8-F581902FBB33}.Release|x86.Deploy.0 = Release|x86
	EndGlobalSection
	GlobalSection(SolutionProperties) = preSolution
		HideSolutionNode = FALSE
	EndGlobalSection
EndGlobal
